
Microsoft Visual Studio Solution File, Format Version 12.00
# Visual Studio Version 16
VisualStudioVersion = 16.0.30011.22
MinimumVisualStudioVersion = 10.0.40219.1
Project("{9A19103F-16F7-4668-BE54-9A1E7A4F7556}") = "ConsoleTester", "ConsoleTester\ConsoleTester.csproj", "{EE65A249-9DDD-4E55-8AE0-86EE587A67CB}"
EndProject
Project("{9A19103F-16F7-4668-BE54-9A1E7A4F7556}") = "DifFrameEngine", "DifFrameEngine\DifFrameEngine.csproj", "{45F42CF3-C1ED-4925-9376-489D520EA215}"
EndProject
Project("{9A19103F-16F7-4668-BE54-9A1E7A4F7556}") = "NetworkDataTools", "IntCollectionSerializer\NetworkDataTools.csproj", "{A14971A2-24F0-4C28-BF72-A2CD095C92A5}"
EndProject
Project("{9A19103F-16F7-4668-BE54-9A1E7A4F7556}") = "SyncronousTaskClient", "SyncronousTaskClient\SyncronousTaskClient.csproj", "{40B71AF2-3770-488B-8C40-451E92371268}"
EndProject
Project("{9A19103F-16F7-4668-BE54-9A1E7A4F7556}") = "SyncronousTaskServer", "SyncronousTaskServer\SyncronousTaskServer.csproj", "{A68CC13E-C1E4-4730-9F78-475433AD9FBC}"
EndProject
Project("{9A19103F-16F7-4668-BE54-9A1E7A4F7556}") = "ProcessNode", "ProcessNode\ProcessNode.csproj", "{68EE3E71-209C-4C21-A527-47A196F506F8}"
EndProject
Project("{9A19103F-16F7-4668-BE54-9A1E7A4F7556}") = "TestGUI", "TestGUI\TestGUI.csproj", "{B7631B5D-0268-4809-80C1-B78D36B8E180}"
EndProject
Project("{FAE04EC0-301F-11D3-BF4B-00C04F79EFBC}") = "NetworkDiscoveryAutomation", "NetworkDiscoveryAutomation\NetworkDiscoveryAutomation.csproj", "{3AF93AC9-8598-4F1E-A132-52D0579D99B1}"
EndProject
Global
	GlobalSection(SolutionConfigurationPlatforms) = preSolution
		Debug|Any CPU = Debug|Any CPU
		Release|Any CPU = Release|Any CPU
	EndGlobalSection
	GlobalSection(ProjectConfigurationPlatforms) = postSolution
		{EE65A249-9DDD-4E55-8AE0-86EE587A67CB}.Debug|Any CPU.ActiveCfg = Debug|Any CPU
		{EE65A249-9DDD-4E55-8AE0-86EE587A67CB}.Debug|Any CPU.Build.0 = Debug|Any CPU
		{EE65A249-9DDD-4E55-8AE0-86EE587A67CB}.Release|Any CPU.ActiveCfg = Release|Any CPU
		{EE65A249-9DDD-4E55-8AE0-86EE587A67CB}.Release|Any CPU.Build.0 = Release|Any CPU
		{45F42CF3-C1ED-4925-9376-489D520EA215}.Debug|Any CPU.ActiveCfg = Debug|Any CPU
		{45F42CF3-C1ED-4925-9376-489D520EA215}.Debug|Any CPU.Build.0 = Debug|Any CPU
		{45F42CF3-C1ED-4925-9376-489D520EA215}.Release|Any CPU.ActiveCfg = Release|Any CPU
		{45F42CF3-C1ED-4925-9376-489D520EA215}.Release|Any CPU.Build.0 = Release|Any CPU
		{A14971A2-24F0-4C28-BF72-A2CD095C92A5}.Debug|Any CPU.ActiveCfg = Debug|Any CPU
		{A14971A2-24F0-4C28-BF72-A2CD095C92A5}.Debug|Any CPU.Build.0 = Debug|Any CPU
		{A14971A2-24F0-4C28-BF72-A2CD095C92A5}.Release|Any CPU.ActiveCfg = Release|Any CPU
		{A14971A2-24F0-4C28-BF72-A2CD095C92A5}.Release|Any CPU.Build.0 = Release|Any CPU
		{40B71AF2-3770-488B-8C40-451E92371268}.Debug|Any CPU.ActiveCfg = Debug|Any CPU
		{40B71AF2-3770-488B-8C40-451E92371268}.Debug|Any CPU.Build.0 = Debug|Any CPU
		{40B71AF2-3770-488B-8C40-451E92371268}.Release|Any CPU.ActiveCfg = Release|Any CPU
		{40B71AF2-3770-488B-8C40-451E92371268}.Release|Any CPU.Build.0 = Release|Any CPU
		{A68CC13E-C1E4-4730-9F78-475433AD9FBC}.Debug|Any CPU.ActiveCfg = Debug|Any CPU
		{A68CC13E-C1E4-4730-9F78-475433AD9FBC}.Debug|Any CPU.Build.0 = Debug|Any CPU
		{A68CC13E-C1E4-4730-9F78-475433AD9FBC}.Release|Any CPU.ActiveCfg = Release|Any CPU
		{A68CC13E-C1E4-4730-9F78-475433AD9FBC}.Release|Any CPU.Build.0 = Release|Any CPU
		{68EE3E71-209C-4C21-A527-47A196F506F8}.Debug|Any CPU.ActiveCfg = Debug|Any CPU
		{68EE3E71-209C-4C21-A527-47A196F506F8}.Debug|Any CPU.Build.0 = Debug|Any CPU
		{68EE3E71-209C-4C21-A527-47A196F506F8}.Release|Any CPU.ActiveCfg = Release|Any CPU
		{68EE3E71-209C-4C21-A527-47A196F506F8}.Release|Any CPU.Build.0 = Release|Any CPU
		{B7631B5D-0268-4809-80C1-B78D36B8E180}.Debug|Any CPU.ActiveCfg = Debug|Any CPU
		{B7631B5D-0268-4809-80C1-B78D36B8E180}.Debug|Any CPU.Build.0 = Debug|Any CPU
		{B7631B5D-0268-4809-80C1-B78D36B8E180}.Release|Any CPU.ActiveCfg = Release|Any CPU
		{B7631B5D-0268-4809-80C1-B78D36B8E180}.Release|Any CPU.Build.0 = Release|Any CPU
		{3AF93AC9-8598-4F1E-A132-52D0579D99B1}.Debug|Any CPU.ActiveCfg = Debug|Any CPU
		{3AF93AC9-8598-4F1E-A132-52D0579D99B1}.Debug|Any CPU.Build.0 = Debug|Any CPU
		{3AF93AC9-8598-4F1E-A132-52D0579D99B1}.Release|Any CPU.ActiveCfg = Release|Any CPU
		{3AF93AC9-8598-4F1E-A132-52D0579D99B1}.Release|Any CPU.Build.0 = Release|Any CPU
	EndGlobalSection
	GlobalSection(SolutionProperties) = preSolution
		HideSolutionNode = FALSE
	EndGlobalSection
	GlobalSection(ExtensibilityGlobals) = postSolution
		SolutionGuid = {9092B366-058A-40B4-AE1D-0671C027E81A}
	EndGlobalSection
EndGlobal
